github.com/marti700/mirai v0.0.0-20220316122428-18259ce23646 h1:8nH0ggWn+m6B55eAVYYpybfOOal95AQ415mFfgjjeF4=
github.com/marti700/mirai v0.0.0-20220316122428-18259ce23646/go.mod h1:PSaRiVk3z3HWJY0xJicZ4CnqB+nlUNYilA3UnPq1JMo=
github.com/marti700/veritas v0.0.0-20220316114542-b8896a01b8a4 h1:a9kzJ4EcwBxtyQHbfEZzSPghbC6zBE1H1lUcQkM5jAw=
github.com/marti700/veritas v0.0.0-20220316114542-b8896a01b8a4/go.mod h1:j8HtjoGpCxS7QCU5+/c+yvJ3G+xfDpY2wrH+Yia58Fo=
